// !$*UTF8*$!
{
	archiveVersion = 1;
	classes = {
	};
	objectVersion = 56;
	objects = {

/* Begin PBXBuildFile section */
		01919FE42CB98CCE00923574 /* ViewModel.swift in Sources */ = {isa = PBXBuildFile; fileRef = 01919FE32CB98CCE00923574 /* ViewModel.swift */; };
		01919FE62CB98CF300923574 /* Model.swift in Sources */ = {isa = PBXBuildFile; fileRef = 01919FE52CB98CF300923574 /* Model.swift */; };
		01919FE82CBD8D6A00923574 /* Webservice.swift in Sources */ = {isa = PBXBuildFile; fileRef = 01919FE72CBD8D6A00923574 /* Webservice.swift */; };
		019B3F5E2CB6F307008699CD /* Main.swift in Sources */ = {isa = PBXBuildFile; fileRef = 019B3F5D2CB6F307008699CD /* Main.swift */; };
		019B3F622CB6F30B008699CD /* Assets.xcassets in Resources */ = {isa = PBXBuildFile; fileRef = 019B3F612CB6F30B008699CD /* Assets.xcassets */; };
		019B3F652CB6F30B008699CD /* Preview Assets.xcassets in Resources */ = {isa = PBXBuildFile; fileRef = 019B3F642CB6F30B008699CD /* Preview Assets.xcassets */; };
		019B3F6E2CB6F65D008699CD /* Dashboard.swift in Sources */ = {isa = PBXBuildFile; fileRef = 019B3F6D2CB6F65D008699CD /* Dashboard.swift */; };
		019B3F702CB6F695008699CD /* NewHabit.swift in Sources */ = {isa = PBXBuildFile; fileRef = 019B3F6F2CB6F695008699CD /* NewHabit.swift */; };
		019B3F722CB6F6AD008699CD /* AddMeta.swift in Sources */ = {isa = PBXBuildFile; fileRef = 019B3F712CB6F6AD008699CD /* AddMeta.swift */; };
		019B3F742CB6F6CC008699CD /* Goals.swift in Sources */ = {isa = PBXBuildFile; fileRef = 019B3F732CB6F6CC008699CD /* Goals.swift */; };
		019B3F762CB6F6E0008699CD /* Habits.swift in Sources */ = {isa = PBXBuildFile; fileRef = 019B3F752CB6F6E0008699CD /* Habits.swift */; };
		019B3F782CB6F700008699CD /* Recomendations.swift in Sources */ = {isa = PBXBuildFile; fileRef = 019B3F772CB6F700008699CD /* Recomendations.swift */; };
		019B3F7A2CB6F730008699CD /* Relatorios.swift in Sources */ = {isa = PBXBuildFile; fileRef = 019B3F792CB6F730008699CD /* Relatorios.swift */; };
		019B3F7C2CB6F74F008699CD /* Achievements.swift in Sources */ = {isa = PBXBuildFile; fileRef = 019B3F7B2CB6F74F008699CD /* Achievements.swift */; };
		019B3F7E2CB6F76F008699CD /* Monitoring.swift in Sources */ = {isa = PBXBuildFile; fileRef = 019B3F7D2CB6F76F008699CD /* Monitoring.swift */; };
		810E73E12CBD92A4006775E7 /* OptionSelection.swift in Sources */ = {isa = PBXBuildFile; fileRef = 810E73E02CBD92A4006775E7 /* OptionSelection.swift */; };
		81BB8D082CB84B3D00EC6B3D /* Home.swift in Sources */ = {isa = PBXBuildFile; fileRef = 81BB8D072CB84B3D00EC6B3D /* Home.swift */; };
		81BB8D0A2CB859B500EC6B3D /* tabview.swift in Sources */ = {isa = PBXBuildFile; fileRef = 81BB8D092CB859B500EC6B3D /* tabview.swift */; };
		C5648F792CBD91BC00B9513E /* ThreeOptionsSelection.swift in Sources */ = {isa = PBXBuildFile; fileRef = C5648F782CBD91BC00B9513E /* ThreeOptionsSelection.swift */; };
		C58BCF7B2CB84607009FF8DF /* QuickLinkView.swift in Sources */ = {isa = PBXBuildFile; fileRef = C58BCF7A2CB84607009FF8DF /* QuickLinkView.swift */; };
		C58BCF7E2CB84668009FF8DF /* HabitCardView.swift in Sources */ = {isa = PBXBuildFile; fileRef = C58BCF7D2CB84668009FF8DF /* HabitCardView.swift */; };
		C58BCF802CB846C1009FF8DF /* SectionTitle.swift in Sources */ = {isa = PBXBuildFile; fileRef = C58BCF7F2CB846C1009FF8DF /* SectionTitle.swift */; };
		C58BCF822CB846DA009FF8DF /* NotificationButton.swift in Sources */ = {isa = PBXBuildFile; fileRef = C58BCF812CB846DA009FF8DF /* NotificationButton.swift */; };
		C58BCF842CBD8DE1009FF8DF /* SimpleInput.swift in Sources */ = {isa = PBXBuildFile; fileRef = C58BCF832CBD8DE1009FF8DF /* SimpleInput.swift */; };
/* End PBXBuildFile section */

/* Begin PBXFileReference section */
		01919FE32CB98CCE00923574 /* ViewModel.swift */ = {isa = PBXFileReference; lastKnownFileType = sourcecode.swift; name = ViewModel.swift; path = Habitrack/ViewModels/ViewModel.swift; sourceTree = SOURCE_ROOT; };
		01919FE52CB98CF300923574 /* Model.swift */ = {isa = PBXFileReference; lastKnownFileType = sourcecode.swift; path = Model.swift; sourceTree = SOURCE_ROOT; };
		01919FE72CBD8D6A00923574 /* Webservice.swift */ = {isa = PBXFileReference; lastKnownFileType = sourcecode.swift; path = Webservice.swift; sourceTree = "<group>"; };
		019B3F5A2CB6F307008699CD /* Habitrack.app */ = {isa = PBXFileReference; explicitFileType = wrapper.application; includeInIndex = 0; path = Habitrack.app; sourceTree = BUILT_PRODUCTS_DIR; };
		019B3F5D2CB6F307008699CD /* Main.swift */ = {isa = PBXFileReference; lastKnownFileType = sourcecode.swift; path = Main.swift; sourceTree = "<group>"; };
		019B3F612CB6F30B008699CD /* Assets.xcassets */ = {isa = PBXFileReference; lastKnownFileType = folder.assetcatalog; path = Assets.xcassets; sourceTree = "<group>"; };
		019B3F642CB6F30B008699CD /* Preview Assets.xcassets */ = {isa = PBXFileReference; lastKnownFileType = folder.assetcatalog; path = "Preview Assets.xcassets"; sourceTree = "<group>"; };
		019B3F6D2CB6F65D008699CD /* Dashboard.swift */ = {isa = PBXFileReference; lastKnownFileType = sourcecode.swift; path = Dashboard.swift; sourceTree = "<group>"; };
		019B3F6F2CB6F695008699CD /* NewHabit.swift */ = {isa = PBXFileReference; lastKnownFileType = sourcecode.swift; path = NewHabit.swift; sourceTree = "<group>"; };
		019B3F712CB6F6AD008699CD /* AddMeta.swift */ = {isa = PBXFileReference; lastKnownFileType = sourcecode.swift; path = AddMeta.swift; sourceTree = "<group>"; };
		019B3F732CB6F6CC008699CD /* Goals.swift */ = {isa = PBXFileReference; lastKnownFileType = sourcecode.swift; path = Goals.swift; sourceTree = "<group>"; };
		019B3F752CB6F6E0008699CD /* Habits.swift */ = {isa = PBXFileReference; lastKnownFileType = sourcecode.swift; path = Habits.swift; sourceTree = "<group>"; };
		019B3F772CB6F700008699CD /* Recomendations.swift */ = {isa = PBXFileReference; lastKnownFileType = sourcecode.swift; path = Recomendations.swift; sourceTree = "<group>"; };
		019B3F792CB6F730008699CD /* Relatorios.swift */ = {isa = PBXFileReference; lastKnownFileType = sourcecode.swift; path = Relatorios.swift; sourceTree = "<group>"; };
		019B3F7B2CB6F74F008699CD /* Achievements.swift */ = {isa = PBXFileReference; lastKnownFileType = sourcecode.swift; path = Achievements.swift; sourceTree = "<group>"; };
		019B3F7D2CB6F76F008699CD /* Monitoring.swift */ = {isa = PBXFileReference; lastKnownFileType = sourcecode.swift; path = Monitoring.swift; sourceTree = "<group>"; };
		810E73E02CBD92A4006775E7 /* OptionSelection.swift */ = {isa = PBXFileReference; lastKnownFileType = sourcecode.swift; name = OptionSelection.swift; path = Habitrack/Screens/Dashboard/OptionSelection.swift; sourceTree = SOURCE_ROOT; };
		81BB8D072CB84B3D00EC6B3D /* Home.swift */ = {isa = PBXFileReference; lastKnownFileType = sourcecode.swift; path = Home.swift; sourceTree = "<group>"; };
		81BB8D092CB859B500EC6B3D /* tabview.swift */ = {isa = PBXFileReference; lastKnownFileType = sourcecode.swift; path = tabview.swift; sourceTree = "<group>"; };
		C5648F782CBD91BC00B9513E /* ThreeOptionsSelection.swift */ = {isa = PBXFileReference; lastKnownFileType = sourcecode.swift; path = ThreeOptionsSelection.swift; sourceTree = "<group>"; };
		C58BCF7A2CB84607009FF8DF /* QuickLinkView.swift */ = {isa = PBXFileReference; lastKnownFileType = sourcecode.swift; path = QuickLinkView.swift; sourceTree = "<group>"; };
		C58BCF7D2CB84668009FF8DF /* HabitCardView.swift */ = {isa = PBXFileReference; lastKnownFileType = sourcecode.swift; path = HabitCardView.swift; sourceTree = "<group>"; };
		C58BCF7F2CB846C1009FF8DF /* SectionTitle.swift */ = {isa = PBXFileReference; lastKnownFileType = sourcecode.swift; path = SectionTitle.swift; sourceTree = "<group>"; };
		C58BCF812CB846DA009FF8DF /* NotificationButton.swift */ = {isa = PBXFileReference; lastKnownFileType = sourcecode.swift; path = NotificationButton.swift; sourceTree = "<group>"; };
		C58BCF832CBD8DE1009FF8DF /* SimpleInput.swift */ = {isa = PBXFileReference; lastKnownFileType = sourcecode.swift; path = SimpleInput.swift; sourceTree = "<group>"; };
/* End PBXFileReference section */

/* Begin PBXFrameworksBuildPhase section */
		019B3F572CB6F307008699CD /* Frameworks */ = {
			isa = PBXFrameworksBuildPhase;
			buildActionMask = 2147483647;
			files = (
			);
			runOnlyForDeploymentPostprocessing = 0;
		};
/* End PBXFrameworksBuildPhase section */

/* Begin PBXGroup section */
		019B3F512CB6F307008699CD = {
			isa = PBXGroup;
			children = (
				019B3F5C2CB6F307008699CD /* Habitrack */,
				019B3F5B2CB6F307008699CD /* Products */,
			);
			sourceTree = "<group>";
		};
		019B3F5B2CB6F307008699CD /* Products */ = {
			isa = PBXGroup;
			children = (
				019B3F5A2CB6F307008699CD /* Habitrack.app */,
			);
			name = Products;
			sourceTree = "<group>";
		};
		019B3F5C2CB6F307008699CD /* Habitrack */ = {
			isa = PBXGroup;
			children = (
				81BB8D062CB84B3300EC6B3D /* Home */,
				C58BCF6B2CB842A2009FF8DF /* Widgets */,
				C58BCF6A2CB84291009FF8DF /* ViewModels */,
				C58BCF692CB84269009FF8DF /* Models */,
				C58BCF682CB84251009FF8DF /* Screens */,
				C58BCF672CB84242009FF8DF /* Utils */,
				019B3F5D2CB6F307008699CD /* Main.swift */,
				019B3F612CB6F30B008699CD /* Assets.xcassets */,
				019B3F632CB6F30B008699CD /* Preview Content */,
			);
			path = Habitrack;
			sourceTree = "<group>";
		};
		019B3F632CB6F30B008699CD /* Preview Content */ = {
			isa = PBXGroup;
			children = (
				019B3F642CB6F30B008699CD /* Preview Assets.xcassets */,
			);
			path = "Preview Content";
			sourceTree = "<group>";
		};
		81BB8D062CB84B3300EC6B3D /* Home */ = {
			isa = PBXGroup;
			children = (
				81BB8D072CB84B3D00EC6B3D /* Home.swift */,
			);
			path = Home;
			sourceTree = "<group>";
		};
		C58BCF672CB84242009FF8DF /* Utils */ = {
			isa = PBXGroup;
			children = (
			);
			path = Utils;
			sourceTree = "<group>";
		};
		C58BCF682CB84251009FF8DF /* Screens */ = {
			isa = PBXGroup;
			children = (
				C58BCF782CB845B6009FF8DF /* Monitoring */,
				C58BCF762CB844ED009FF8DF /* Achievements */,
				C58BCF732CB84479009FF8DF /* Relatories */,
				C58BCF6F2CB842D2009FF8DF /* Goals */,
				C58BCF6E2CB842C5009FF8DF /* Habits */,
				C58BCF6D2CB842BE009FF8DF /* Dashboard */,
			);
			path = Screens;
			sourceTree = "<group>";
		};
		C58BCF692CB84269009FF8DF /* Models */ = {
			isa = PBXGroup;
			children = (
				01919FE52CB98CF300923574 /* Model.swift */,
			);
			path = Models;
			sourceTree = "<group>";
		};
		C58BCF6A2CB84291009FF8DF /* ViewModels */ = {
			isa = PBXGroup;
			children = (
				01919FE32CB98CCE00923574 /* ViewModel.swift */,
				01919FE72CBD8D6A00923574 /* Webservice.swift */,
			);
			path = ViewModels;
			sourceTree = "<group>";
		};
		C58BCF6B2CB842A2009FF8DF /* Widgets */ = {
			isa = PBXGroup;
			children = (
				C58BCF832CBD8DE1009FF8DF /* SimpleInput.swift */,
				C5648F782CBD91BC00B9513E /* ThreeOptionsSelection.swift */,
				810E73E02CBD92A4006775E7 /* OptionSelection.swift */,
			);
			path = Widgets;
			sourceTree = "<group>";
		};
		C58BCF6D2CB842BE009FF8DF /* Dashboard */ = {
			isa = PBXGroup;
			children = (
				C58BCF792CB845ED009FF8DF /* widgets */,
				019B3F6D2CB6F65D008699CD /* Dashboard.swift */,
			);
			path = Dashboard;
			sourceTree = "<group>";
		};
		C58BCF6E2CB842C5009FF8DF /* Habits */ = {
			isa = PBXGroup;
			children = (
				C58BCF742CB844C2009FF8DF /* NewHabit */,
				019B3F752CB6F6E0008699CD /* Habits.swift */,
			);
			path = Habits;
			sourceTree = "<group>";
		};
		C58BCF6F2CB842D2009FF8DF /* Goals */ = {
			isa = PBXGroup;
			children = (
				C58BCF772CB8456C009FF8DF /* AddMeta */,
				019B3F732CB6F6CC008699CD /* Goals.swift */,
			);
			path = Goals;
			sourceTree = "<group>";
		};
		C58BCF732CB84479009FF8DF /* Relatories */ = {
			isa = PBXGroup;
			children = (
				019B3F792CB6F730008699CD /* Relatorios.swift */,
			);
			path = Relatories;
			sourceTree = "<group>";
		};
		C58BCF742CB844C2009FF8DF /* NewHabit */ = {
			isa = PBXGroup;
			children = (
				019B3F6F2CB6F695008699CD /* NewHabit.swift */,
			);
			path = NewHabit;
			sourceTree = "<group>";
		};
		C58BCF762CB844ED009FF8DF /* Achievements */ = {
			isa = PBXGroup;
			children = (
				019B3F7B2CB6F74F008699CD /* Achievements.swift */,
			);
			path = Achievements;
			sourceTree = "<group>";
		};
		C58BCF772CB8456C009FF8DF /* AddMeta */ = {
			isa = PBXGroup;
			children = (
				019B3F712CB6F6AD008699CD /* AddMeta.swift */,
			);
			path = AddMeta;
			sourceTree = "<group>";
		};
		C58BCF782CB845B6009FF8DF /* Monitoring */ = {
			isa = PBXGroup;
			children = (
				019B3F7D2CB6F76F008699CD /* Monitoring.swift */,
			);
			path = Monitoring;
			sourceTree = "<group>";
		};
		C58BCF792CB845ED009FF8DF /* widgets */ = {
			isa = PBXGroup;
			children = (
				C58BCF7C2CB84621009FF8DF /* Recomendations */,
				C58BCF7A2CB84607009FF8DF /* QuickLinkView.swift */,
				C58BCF7D2CB84668009FF8DF /* HabitCardView.swift */,
				C58BCF7F2CB846C1009FF8DF /* SectionTitle.swift */,
				C58BCF812CB846DA009FF8DF /* NotificationButton.swift */,
				81BB8D092CB859B500EC6B3D /* tabview.swift */,
			);
			path = widgets;
			sourceTree = "<group>";
		};
		C58BCF7C2CB84621009FF8DF /* Recomendations */ = {
			isa = PBXGroup;
			children = (
				019B3F772CB6F700008699CD /* Recomendations.swift */,
			);
			path = Recomendations;
			sourceTree = "<group>";
		};
/* End PBXGroup section */

/* Begin PBXNativeTarget section */
		019B3F592CB6F307008699CD /* Habitrack */ = {
			isa = PBXNativeTarget;
			buildConfigurationList = 019B3F682CB6F30B008699CD /* Build configuration list for PBXNativeTarget "Habitrack" */;
			buildPhases = (
				019B3F562CB6F307008699CD /* Sources */,
				019B3F572CB6F307008699CD /* Frameworks */,
				019B3F582CB6F307008699CD /* Resources */,
			);
			buildRules = (
			);
			dependencies = (
			);
			name = Habitrack;
			productName = Habitrack;
			productReference = 019B3F5A2CB6F307008699CD /* Habitrack.app */;
			productType = "com.apple.product-type.application";
		};
/* End PBXNativeTarget section */

/* Begin PBXProject section */
		019B3F522CB6F307008699CD /* Project object */ = {
			isa = PBXProject;
			attributes = {
				BuildIndependentTargetsInParallel = 1;
				LastSwiftUpdateCheck = 1540;
				LastUpgradeCheck = 1540;
				TargetAttributes = {
					019B3F592CB6F307008699CD = {
						CreatedOnToolsVersion = 15.4;
					};
				};
			};
			buildConfigurationList = 019B3F552CB6F307008699CD /* Build configuration list for PBXProject "Habitrack" */;
			compatibilityVersion = "Xcode 14.0";
			developmentRegion = en;
			hasScannedForEncodings = 0;
			knownRegions = (
				en,
				Base,
			);
			mainGroup = 019B3F512CB6F307008699CD;
			productRefGroup = 019B3F5B2CB6F307008699CD /* Products */;
			projectDirPath = "";
			projectRoot = "";
			targets = (
				019B3F592CB6F307008699CD /* Habitrack */,
			);
		};
/* End PBXProject section */

/* Begin PBXResourcesBuildPhase section */
		019B3F582CB6F307008699CD /* Resources */ = {
			isa = PBXResourcesBuildPhase;
			buildActionMask = 2147483647;
			files = (
				019B3F652CB6F30B008699CD /* Preview Assets.xcassets in Resources */,
				019B3F622CB6F30B008699CD /* Assets.xcassets in Resources */,
			);
			runOnlyForDeploymentPostprocessing = 0;
		};
/* End PBXResourcesBuildPhase section */

/* Begin PBXSourcesBuildPhase section */
		019B3F562CB6F307008699CD /* Sources */ = {
			isa = PBXSourcesBuildPhase;
			buildActionMask = 2147483647;
			files = (
				C58BCF802CB846C1009FF8DF /* SectionTitle.swift in Sources */,
				810E73E12CBD92A4006775E7 /* OptionSelection.swift in Sources */,
				019B3F702CB6F695008699CD /* NewHabit.swift in Sources */,
				019B3F7E2CB6F76F008699CD /* Monitoring.swift in Sources */,
				019B3F762CB6F6E0008699CD /* Habits.swift in Sources */,
				019B3F722CB6F6AD008699CD /* AddMeta.swift in Sources */,
				C58BCF7B2CB84607009FF8DF /* QuickLinkView.swift in Sources */,
				01919FE42CB98CCE00923574 /* ViewModel.swift in Sources */,
				C58BCF842CBD8DE1009FF8DF /* SimpleInput.swift in Sources */,
				C5648F792CBD91BC00B9513E /* ThreeOptionsSelection.swift in Sources */,
				019B3F742CB6F6CC008699CD /* Goals.swift in Sources */,
				01919FE82CBD8D6A00923574 /* Webservice.swift in Sources */,
				81BB8D082CB84B3D00EC6B3D /* Home.swift in Sources */,
				019B3F6E2CB6F65D008699CD /* Dashboard.swift in Sources */,
				01919FE62CB98CF300923574 /* Model.swift in Sources */,
				019B3F5E2CB6F307008699CD /* Main.swift in Sources */,
				81BB8D0A2CB859B500EC6B3D /* tabview.swift in Sources */,
				C58BCF7E2CB84668009FF8DF /* HabitCardView.swift in Sources */,
				019B3F782CB6F700008699CD /* Recomendations.swift in Sources */,
				C58BCF822CB846DA009FF8DF /* NotificationButton.swift in Sources */,
				019B3F7A2CB6F730008699CD /* Relatorios.swift in Sources */,
				019B3F7C2CB6F74F008699CD /* Achievements.swift in Sources */,
			);
			runOnlyForDeploymentPostprocessing = 0;
		};
/* End PBXSourcesBuildPhase section */

/* Begin XCBuildConfiguration section */
		019B3F662CB6F30B008699CD /* Debug */ = {
			isa = XCBuildConfiguration;
			buildSettings = {
				ALWAYS_SEARCH_USER_PATHS = NO;
				ASSETCATALOG_COMPILER_GENERATE_SWIFT_ASSET_SYMBOL_EXTENSIONS = YES;
				CLANG_ANALYZER_NONNULL = YES;
				CLANG_ANALYZER_NUMBER_OBJECT_CONVERSION = YES_AGGRESSIVE;
				CLANG_CXX_LANGUAGE_STANDARD = "gnu++20";
				CLANG_ENABLE_MODULES = YES;
				CLANG_ENABLE_OBJC_ARC = YES;
				CLANG_ENABLE_OBJC_WEAK = YES;
				CLANG_WARN_BLOCK_CAPTURE_AUTORELEASING = YES;
				CLANG_WARN_BOOL_CONVERSION = YES;
				CLANG_WARN_COMMA = YES;
				CLANG_WARN_CONSTANT_CONVERSION = YES;
				CLANG_WARN_DEPRECATED_OBJC_IMPLEMENTATIONS = YES;
				CLANG_WARN_DIRECT_OBJC_ISA_USAGE = YES_ERROR;
				CLANG_WARN_DOCUMENTATION_COMMENTS = YES;
				CLANG_WARN_EMPTY_BODY = YES;
				CLANG_WARN_ENUM_CONVERSION = YES;
				CLANG_WARN_INFINITE_RECURSION = YES;
				CLANG_WARN_INT_CONVERSION = YES;
				CLANG_WARN_NON_LITERAL_NULL_CONVERSION = YES;
				CLANG_WARN_OBJC_IMPLICIT_RETAIN_SELF = YES;
				CLANG_WARN_OBJC_LITERAL_CONVERSION = YES;
				CLANG_WARN_OBJC_ROOT_CLASS = YES_ERROR;
				CLANG_WARN_QUOTED_INCLUDE_IN_FRAMEWORK_HEADER = YES;
				CLANG_WARN_RANGE_LOOP_ANALYSIS = YES;
				CLANG_WARN_STRICT_PROTOTYPES = YES;
				CLANG_WARN_SUSPICIOUS_MOVE = YES;
				CLANG_WARN_UNGUARDED_AVAILABILITY = YES_AGGRESSIVE;
				CLANG_WARN_UNREACHABLE_CODE = YES;
				CLANG_WARN__DUPLICATE_METHOD_MATCH = YES;
				COPY_PHASE_STRIP = NO;
				DEBUG_INFORMATION_FORMAT = dwarf;
				ENABLE_STRICT_OBJC_MSGSEND = YES;
				ENABLE_TESTABILITY = YES;
				ENABLE_USER_SCRIPT_SANDBOXING = YES;
				GCC_C_LANGUAGE_STANDARD = gnu17;
				GCC_DYNAMIC_NO_PIC = NO;
				GCC_NO_COMMON_BLOCKS = YES;
				GCC_OPTIMIZATION_LEVEL = 0;
				GCC_PREPROCESSOR_DEFINITIONS = (
					"DEBUG=1",
					"$(inherited)",
				);
				GCC_WARN_64_TO_32_BIT_CONVERSION = YES;
				GCC_WARN_ABOUT_RETURN_TYPE = YES_ERROR;
				GCC_WARN_UNDECLARED_SELECTOR = YES;
				GCC_WARN_UNINITIALIZED_AUTOS = YES_AGGRESSIVE;
				GCC_WARN_UNUSED_FUNCTION = YES;
				GCC_WARN_UNUSED_VARIABLE = YES;
				IPHONEOS_DEPLOYMENT_TARGET = 17.5;
				LOCALIZATION_PREFERS_STRING_CATALOGS = YES;
				MTL_ENABLE_DEBUG_INFO = INCLUDE_SOURCE;
				MTL_FAST_MATH = YES;
				ONLY_ACTIVE_ARCH = YES;
				SDKROOT = iphoneos;
				SWIFT_ACTIVE_COMPILATION_CONDITIONS = "DEBUG $(inherited)";
				SWIFT_OPTIMIZATION_LEVEL = "-Onone";
			};
			name = Debug;
		};
		019B3F672CB6F30B008699CD /* Release */ = {
			isa = XCBuildConfiguration;
			buildSettings = {
				ALWAYS_SEARCH_USER_PATHS = NO;
				ASSETCATALOG_COMPILER_GENERATE_SWIFT_ASSET_SYMBOL_EXTENSIONS = YES;
				CLANG_ANALYZER_NONNULL = YES;
				CLANG_ANALYZER_NUMBER_OBJECT_CONVERSION = YES_AGGRESSIVE;
				CLANG_CXX_LANGUAGE_STANDARD = "gnu++20";
				CLANG_ENABLE_MODULES = YES;
				CLANG_ENABLE_OBJC_ARC = YES;
				CLANG_ENABLE_OBJC_WEAK = YES;
				CLANG_WARN_BLOCK_CAPTURE_AUTORELEASING = YES;
				CLANG_WARN_BOOL_CONVERSION = YES;
				CLANG_WARN_COMMA = YES;
				CLANG_WARN_CONSTANT_CONVERSION = YES;
				CLANG_WARN_DEPRECATED_OBJC_IMPLEMENTATIONS = YES;
				CLANG_WARN_DIRECT_OBJC_ISA_USAGE = YES_ERROR;
				CLANG_WARN_DOCUMENTATION_COMMENTS = YES;
				CLANG_WARN_EMPTY_BODY = YES;
				CLANG_WARN_ENUM_CONVERSION = YES;
				CLANG_WARN_INFINITE_RECURSION = YES;
				CLANG_WARN_INT_CONVERSION = YES;
				CLANG_WARN_NON_LITERAL_NULL_CONVERSION = YES;
				CLANG_WARN_OBJC_IMPLICIT_RETAIN_SELF = YES;
				CLANG_WARN_OBJC_LITERAL_CONVERSION = YES;
				CLANG_WARN_OBJC_ROOT_CLASS = YES_ERROR;
				CLANG_WARN_QUOTED_INCLUDE_IN_FRAMEWORK_HEADER = YES;
				CLANG_WARN_RANGE_LOOP_ANALYSIS = YES;
				CLANG_WARN_STRICT_PROTOTYPES = YES;
				CLANG_WARN_SUSPICIOUS_MOVE = YES;
				CLANG_WARN_UNGUARDED_AVAILABILITY = YES_AGGRESSIVE;
				CLANG_WARN_UNREACHABLE_CODE = YES;
				CLANG_WARN__DUPLICATE_METHOD_MATCH = YES;
				COPY_PHASE_STRIP = NO;
				DEBUG_INFORMATION_FORMAT = "dwarf-with-dsym";
				ENABLE_NS_ASSERTIONS = NO;
				ENABLE_STRICT_OBJC_MSGSEND = YES;
				ENABLE_USER_SCRIPT_SANDBOXING = YES;
				GCC_C_LANGUAGE_STANDARD = gnu17;
				GCC_NO_COMMON_BLOCKS = YES;
				GCC_WARN_64_TO_32_BIT_CONVERSION = YES;
				GCC_WARN_ABOUT_RETURN_TYPE = YES_ERROR;
				GCC_WARN_UNDECLARED_SELECTOR = YES;
				GCC_WARN_UNINITIALIZED_AUTOS = YES_AGGRESSIVE;
				GCC_WARN_UNUSED_FUNCTION = YES;
				GCC_WARN_UNUSED_VARIABLE = YES;
				IPHONEOS_DEPLOYMENT_TARGET = 17.5;
				LOCALIZATION_PREFERS_STRING_CATALOGS = YES;
				MTL_ENABLE_DEBUG_INFO = NO;
				MTL_FAST_MATH = YES;
				SDKROOT = iphoneos;
				SWIFT_COMPILATION_MODE = wholemodule;
				VALIDATE_PRODUCT = YES;
			};
			name = Release;
		};
		019B3F692CB6F30B008699CD /* Debug */ = {
			isa = XCBuildConfiguration;
			buildSettings = {
				ASSETCATALOG_COMPILER_APPICON_NAME = AppIcon;
				ASSETCATALOG_COMPILER_GLOBAL_ACCENT_COLOR_NAME = AccentColor;
				CODE_SIGN_STYLE = Automatic;
				CURRENT_PROJECT_VERSION = 1;
				DEVELOPMENT_ASSET_PATHS = "\"Habitrack/Preview Content\"";
				ENABLE_PREVIEWS = YES;
				GENERATE_INFOPLIST_FILE = YES;
				INFOPLIST_KEY_UIApplicationSceneManifest_Generation = YES;
				INFOPLIST_KEY_UIApplicationSupportsIndirectInputEvents = YES;
				INFOPLIST_KEY_UILaunchScreen_Generation = YES;
				INFOPLIST_KEY_UISupportedInterfaceOrientations_iPad = "UIInterfaceOrientationPortrait UIInterfaceOrientationPortraitUpsideDown UIInterfaceOrientationLandscapeLeft UIInterfaceOrientationLandscapeRight";
				INFOPLIST_KEY_UISupportedInterfaceOrientations_iPhone = "UIInterfaceOrientationPortrait UIInterfaceOrientationLandscapeLeft UIInterfaceOrientationLandscapeRight";
				IPHONEOS_DEPLOYMENT_TARGET = 16.0;
				LD_RUNPATH_SEARCH_PATHS = (
					"$(inherited)",
					"@executable_path/Frameworks",
				);
				MARKETING_VERSION = 1.0;
				PRODUCT_BUNDLE_IDENTIFIER = hebert.Habitrack;
				PRODUCT_NAME = "$(TARGET_NAME)";
				SWIFT_EMIT_LOC_STRINGS = YES;
				SWIFT_VERSION = 5.0;
				TARGETED_DEVICE_FAMILY = "1,2";
			};
			name = Debug;
		};
		019B3F6A2CB6F30B008699CD /* Release */ = {
			isa = XCBuildConfiguration;
			buildSettings = {
				ASSETCATALOG_COMPILER_APPICON_NAME = AppIcon;
				ASSETCATALOG_COMPILER_GLOBAL_ACCENT_COLOR_NAME = AccentColor;
				CODE_SIGN_STYLE = Automatic;
				CURRENT_PROJECT_VERSION = 1;
				DEVELOPMENT_ASSET_PATHS = "\"Habitrack/Preview Content\"";
				ENABLE_PREVIEWS = YES;
				GENERATE_INFOPLIST_FILE = YES;
				INFOPLIST_KEY_UIApplicationSceneManifest_Generation = YES;
				INFOPLIST_KEY_UIApplicationSupportsIndirectInputEvents = YES;
				INFOPLIST_KEY_UILaunchScreen_Generation = YES;
				INFOPLIST_KEY_UISupportedInterfaceOrientations_iPad = "UIInterfaceOrientationPortrait UIInterfaceOrientationPortraitUpsideDown UIInterfaceOrientationLandscapeLeft UIInterfaceOrientationLandscapeRight";
				INFOPLIST_KEY_UISupportedInterfaceOrientations_iPhone = "UIInterfaceOrientationPortrait UIInterfaceOrientationLandscapeLeft UIInterfaceOrientationLandscapeRight";
				IPHONEOS_DEPLOYMENT_TARGET = 16.0;
				LD_RUNPATH_SEARCH_PATHS = (
					"$(inherited)",
					"@executable_path/Frameworks",
				);
				MARKETING_VERSION = 1.0;
				PRODUCT_BUNDLE_IDENTIFIER = hebert.Habitrack;
				PRODUCT_NAME = "$(TARGET_NAME)";
				SWIFT_EMIT_LOC_STRINGS = YES;
				SWIFT_VERSION = 5.0;
				TARGETED_DEVICE_FAMILY = "1,2";
			};
			name = Release;
		};
/* End XCBuildConfiguration section */

/* Begin XCConfigurationList section */
		019B3F552CB6F307008699CD /* Build configuration list for PBXProject "Habitrack" */ = {
			isa = XCConfigurationList;
			buildConfigurations = (
				019B3F662CB6F30B008699CD /* Debug */,
				019B3F672CB6F30B008699CD /* Release */,
			);
			defaultConfigurationIsVisible = 0;
			defaultConfigurationName = Release;
		};
		019B3F682CB6F30B008699CD /* Build configuration list for PBXNativeTarget "Habitrack" */ = {
			isa = XCConfigurationList;
			buildConfigurations = (
				019B3F692CB6F30B008699CD /* Debug */,
				019B3F6A2CB6F30B008699CD /* Release */,
			);
			defaultConfigurationIsVisible = 0;
			defaultConfigurationName = Release;
		};
/* End XCConfigurationList section */
	};
	rootObject = 019B3F522CB6F307008699CD /* Project object */;
}
